
Microsoft Visual Studio Solution File, Format Version 12.00
# Visual Studio Version 16
VisualStudioVersion = 16.0.30907.101
MinimumVisualStudioVersion = 10.0.40219.1
Project("{9A19103F-16F7-4668-BE54-9A1E7A4F7556}") = "FilmRentals", "FilmRentals\FilmRentals.csproj", "{6725B832-B861-4ACB-993C-71E32822C047}"
EndProject
Global
	GlobalSection(SolutionConfigurationPlatforms) = preSolution
		Debug|Any CPU = Debug|Any CPU
		Release|Any CPU = Release|Any CPU
	EndGlobalSection
	GlobalSection(ProjectConfigurationPlatforms) = postSolution
		{6725B832-B861-4ACB-993C-71E32822C047}.Debug|Any CPU.ActiveCfg = Debug|Any CPU
		{6725B832-B861-4ACB-993C-71E32822C047}.Debug|Any CPU.Build.0 = Debug|Any CPU
		{6725B832-B861-4ACB-993C-71E32822C047}.Release|Any CPU.ActiveCfg = Release|Any CPU
		{6725B832-B861-4ACB-993C-71E32822C047}.Release|Any CPU.Build.0 = Release|Any CPU
	EndGlobalSection
	GlobalSection(SolutionProperties) = preSolution
		HideSolutionNode = FALSE
	EndGlobalSection
	GlobalSection(ExtensibilityGlobals) = postSolution
		SolutionGuid = {8CF81C2F-5A82-416C-A276-81A2D11FD51D}
	EndGlobalSection
EndGlobal
